<Solution>
  <Folder Name="/src/">
    <Project Path="src/TronderLeikan.API/TronderLeikan.API.csproj" />
    <Project Path="src/TronderLeikan.AppHost/TronderLeikan.AppHost.csproj" />
    <Project Path="src/TronderLeikan.Application/TronderLeikan.Application.csproj" />
    <Project Path="src/TronderLeikan.DbMigrator/TronderLeikan.DbMigrator.csproj" />
    <Project Path="src/TronderLeikan.Domain/TronderLeikan.Domain.csproj" />
    <Project Path="src/TronderLeikan.Infrastructure/TronderLeikan.Infrastructure.csproj" />
    <Project Path="src/TronderLeikan.ServiceDefaults/TronderLeikan.ServiceDefaults.csproj" />
  </Folder>
  <Folder Name="/tests/">
    <Project Path="tests/TronderLeikan.Api.Tests/TronderLeikan.Api.Tests.csproj" />
    <Project Path="tests/TronderLeikan.Application.Tests/TronderLeikan.Application.Tests.csproj" />
    <Project Path="tests/TronderLeikan.Domain.Tests/TronderLeikan.Domain.Tests.csproj" />
    <Project Path="tests/TronderLeikan.Infrastructure.Tests/TronderLeikan.Infrastructure.Tests.csproj" />
  </Folder>
</Solution>
